
Microsoft Visual Studio Solution File, Format Version 12.00
# Visual Studio Version 17
VisualStudioVersion = 17.13.35931.197 d17.13
MinimumVisualStudioVersion = 10.0.40219.1
Project("{FAE04EC0-301F-11D3-BF4B-00C04F79EFBC}") = "Curs1", "Curs1.csproj", "{FFBA930C-788D-47E1-B9F0-EA5EA6A647EC}"
EndProject
Global
	GlobalSection(SolutionConfigurationPlatforms) = preSolution
		Debug|Any CPU = Debug|Any CPU
		Release|Any CPU = Release|Any CPU
	EndGlobalSection
	GlobalSection(ProjectConfigurationPlatforms) = postSolution
		{FFBA930C-788D-47E1-B9F0-EA5EA6A647EC}.Debug|Any CPU.ActiveCfg = Debug|Any CPU
		{FFBA930C-788D-47E1-B9F0-EA5EA6A647EC}.Debug|Any CPU.Build.0 = Debug|Any CPU
		{FFBA930C-788D-47E1-B9F0-EA5EA6A647EC}.Release|Any CPU.ActiveCfg = Release|Any CPU
		{FFBA930C-788D-47E1-B9F0-EA5EA6A647EC}.Release|Any CPU.Build.0 = Release|Any CPU
	EndGlobalSection
	GlobalSection(SolutionProperties) = preSolution
		HideSolutionNode = FALSE
	EndGlobalSection
	GlobalSection(ExtensibilityGlobals) = postSolution
		SolutionGuid = {8DBE0075-32B7-4E38-B83F-3E911BA6116D}
	EndGlobalSection
EndGlobal
